
Microsoft Visual Studio Solution File, Format Version 12.00
# Visual Studio Version 16
VisualStudioVersion = 16.0.29215.179
MinimumVisualStudioVersion = 10.0.40219.1
Project("{FAE04EC0-301F-11D3-BF4B-00C04F79EFBC}") = "mvcapp", "mvcapp\mvcapp.csproj", "{B10B5A37-9A62-49B6-A1A9-2167A1CCE450}"
EndProject
Global
	GlobalSection(SolutionConfigurationPlatforms) = preSolution
		Debug|Any CPU = Debug|Any CPU
		Release|Any CPU = Release|Any CPU
	EndGlobalSection
	GlobalSection(ProjectConfigurationPlatforms) = postSolution
		{B10B5A37-9A62-49B6-A1A9-2167A1CCE450}.Debug|Any CPU.ActiveCfg = Debug|Any CPU
		{B10B5A37-9A62-49B6-A1A9-2167A1CCE450}.Debug|Any CPU.Build.0 = Debug|Any CPU
		{B10B5A37-9A62-49B6-A1A9-2167A1CCE450}.Release|Any CPU.ActiveCfg = Release|Any CPU
		{B10B5A37-9A62-49B6-A1A9-2167A1CCE450}.Release|Any CPU.Build.0 = Release|Any CPU
	EndGlobalSection
	GlobalSection(SolutionProperties) = preSolution
		HideSolutionNode = FALSE
	EndGlobalSection
	GlobalSection(ExtensibilityGlobals) = postSolution
		SolutionGuid = {E6F33FAE-1FF0-4D66-BE9D-C5A597596094}
	EndGlobalSection
EndGlobal
